
Microsoft Visual Studio Solution File, Format Version 12.00
# Visual Studio Version 17
VisualStudioVersion = 17.9.34701.34
MinimumVisualStudioVersion = 10.0.40219.1
Project("{FAE04EC0-301F-11D3-BF4B-00C04F79EFBC}") = "Analogowo.Server", "Analogowo.Server\Analogowo.Server.csproj", "{C7DF6EB6-5EB3-4F80-A525-89355974024A}"
EndProject
Project("{54A90642-561A-4BB1-A94E-469ADEE60C69}") = "analogowo.client", "analogowo.client\analogowo.client.esproj", "{B27BFACE-F663-4C5D-85BA-870861C5E46A}"
EndProject
Global
	GlobalSection(SolutionConfigurationPlatforms) = preSolution
		Debug|Any CPU = Debug|Any CPU
		Release|Any CPU = Release|Any CPU
	EndGlobalSection
	GlobalSection(ProjectConfigurationPlatforms) = postSolution
		{C7DF6EB6-5EB3-4F80-A525-89355974024A}.Debug|Any CPU.ActiveCfg = Debug|Any CPU
		{C7DF6EB6-5EB3-4F80-A525-89355974024A}.Debug|Any CPU.Build.0 = Debug|Any CPU
		{C7DF6EB6-5EB3-4F80-A525-89355974024A}.Release|Any CPU.ActiveCfg = Release|Any CPU
		{C7DF6EB6-5EB3-4F80-A525-89355974024A}.Release|Any CPU.Build.0 = Release|Any CPU
		{B27BFACE-F663-4C5D-85BA-870861C5E46A}.Debug|Any CPU.ActiveCfg = Debug|Any CPU
		{B27BFACE-F663-4C5D-85BA-870861C5E46A}.Debug|Any CPU.Build.0 = Debug|Any CPU
		{B27BFACE-F663-4C5D-85BA-870861C5E46A}.Debug|Any CPU.Deploy.0 = Debug|Any CPU
		{B27BFACE-F663-4C5D-85BA-870861C5E46A}.Release|Any CPU.ActiveCfg = Release|Any CPU
		{B27BFACE-F663-4C5D-85BA-870861C5E46A}.Release|Any CPU.Build.0 = Release|Any CPU
		{B27BFACE-F663-4C5D-85BA-870861C5E46A}.Release|Any CPU.Deploy.0 = Release|Any CPU
	EndGlobalSection
	GlobalSection(SolutionProperties) = preSolution
		HideSolutionNode = FALSE
	EndGlobalSection
	GlobalSection(ExtensibilityGlobals) = postSolution
		SolutionGuid = {0B7B97DC-6C9E-4DAD-8EF4-BE336D66373D}
	EndGlobalSection
EndGlobal
